// !$*UTF8*$!
{
	archiveVersion = 1;
	classes = {
	};
	objectVersion = 56;
	objects = {

/* Begin PBXBuildFile section */
		3D8ABA332C748C630038CD04 /* AppDelegate.swift in Sources */ = {isa = PBXBuildFile; fileRef = 3D8ABA322C748C630038CD04 /* AppDelegate.swift */; };
		3D8ABA352C748C630038CD04 /* SceneDelegate.swift in Sources */ = {isa = PBXBuildFile; fileRef = 3D8ABA342C748C630038CD04 /* SceneDelegate.swift */; };
		3D8ABA3A2C748C630038CD04 /* Base in Resources */ = {isa = PBXBuildFile; fileRef = 3D8ABA392C748C630038CD04 /* Base */; };
		3D8ABA3C2C748C640038CD04 /* Assets.xcassets in Resources */ = {isa = PBXBuildFile; fileRef = 3D8ABA3B2C748C640038CD04 /* Assets.xcassets */; };
		3D8ABA3F2C748C640038CD04 /* Base in Resources */ = {isa = PBXBuildFile; fileRef = 3D8ABA3E2C748C640038CD04 /* Base */; };
		3D8ABA4A2C748C640038CD04 /* qChatTests.swift in Sources */ = {isa = PBXBuildFile; fileRef = 3D8ABA492C748C640038CD04 /* qChatTests.swift */; };
		3D8ABA542C748C640038CD04 /* qChatUITests.swift in Sources */ = {isa = PBXBuildFile; fileRef = 3D8ABA532C748C640038CD04 /* qChatUITests.swift */; };
		3D8ABA562C748C640038CD04 /* qChatUITestsLaunchTests.swift in Sources */ = {isa = PBXBuildFile; fileRef = 3D8ABA552C748C640038CD04 /* qChatUITestsLaunchTests.swift */; };
		3D8ABA632C748D4B0038CD04 /* GoogleService-Info.plist in Resources */ = {isa = PBXBuildFile; fileRef = 3D8ABA622C748D4B0038CD04 /* GoogleService-Info.plist */; };
		3D8B79142CBDD491000BC59F /* SliderSlides.swift in Sources */ = {isa = PBXBuildFile; fileRef = 3D8B79132CBDD491000BC59F /* SliderSlides.swift */; };
		3D8B79162CC19211000BC59F /* CheckField.swift in Sources */ = {isa = PBXBuildFile; fileRef = 3D8B79152CC19211000BC59F /* CheckField.swift */; };
		3D8B79182CC1B3E2000BC59F /* Servise.swift in Sources */ = {isa = PBXBuildFile; fileRef = 3D8B79172CC1B3E2000BC59F /* Servise.swift */; };
		3D9914402C88CE1F007E33E2 /* LoginViewController.swift in Sources */ = {isa = PBXBuildFile; fileRef = 3D99143F2C88CE1F007E33E2 /* LoginViewController.swift */; };
		3D99148A2C8DDA3A007E33E2 /* SlideLoginCollectionViewCell.xib in Resources */ = {isa = PBXBuildFile; fileRef = 3D9914892C8DDA3A007E33E2 /* SlideLoginCollectionViewCell.xib */; };
		3D99148B2C8DDA3A007E33E2 /* SlideLoginCollectionViewCell.swift in Sources */ = {isa = PBXBuildFile; fileRef = 3D9914882C8DDA3A007E33E2 /* SlideLoginCollectionViewCell.swift */; };
		3D99148D2C92E4EC007E33E2 /* RegViewController.swift in Sources */ = {isa = PBXBuildFile; fileRef = 3D99148C2C92E4EC007E33E2 /* RegViewController.swift */; };
		3D99148F2C92E511007E33E2 /* AuthViewController.swift in Sources */ = {isa = PBXBuildFile; fileRef = 3D99148E2C92E511007E33E2 /* AuthViewController.swift */; };
		3D9914912C92E70F007E33E2 /* AppViewController.swift in Sources */ = {isa = PBXBuildFile; fileRef = 3D9914902C92E70F007E33E2 /* AppViewController.swift */; };
		3D9914932CA49264007E33E2 /* Model.swift in Sources */ = {isa = PBXBuildFile; fileRef = 3D9914922CA49264007E33E2 /* Model.swift */; };
		3DE66A672CC3CD9F00952D21 /* FirebaseAuth in Frameworks */ = {isa = PBXBuildFile; productRef = 3DE66A662CC3CD9F00952D21 /* FirebaseAuth */; };
		3DE66A692CC3CD9F00952D21 /* FirebaseAuthCombine-Community in Frameworks */ = {isa = PBXBuildFile; productRef = 3DE66A682CC3CD9F00952D21 /* FirebaseAuthCombine-Community */; };
		3DE66A6B2CC3CD9F00952D21 /* FirebaseCore in Frameworks */ = {isa = PBXBuildFile; productRef = 3DE66A6A2CC3CD9F00952D21 /* FirebaseCore */; };
		3DE66A6D2CC3CD9F00952D21 /* FirebaseDatabase in Frameworks */ = {isa = PBXBuildFile; productRef = 3DE66A6C2CC3CD9F00952D21 /* FirebaseDatabase */; };
		3DE66A6F2CC3CD9F00952D21 /* FirebaseFirestore in Frameworks */ = {isa = PBXBuildFile; productRef = 3DE66A6E2CC3CD9F00952D21 /* FirebaseFirestore */; };
		3DE66A712CC3CD9F00952D21 /* FirebaseFirestoreCombine-Community in Frameworks */ = {isa = PBXBuildFile; productRef = 3DE66A702CC3CD9F00952D21 /* FirebaseFirestoreCombine-Community */; };
		3DE66A742CC4110600952D21 /* TabBar.swift in Sources */ = {isa = PBXBuildFile; fileRef = 3DE66A732CC4110600952D21 /* TabBar.swift */; };
		3DE66A782CC456EB00952D21 /* UsersViewController.swift in Sources */ = {isa = PBXBuildFile; fileRef = 3DE66A772CC456EB00952D21 /* UsersViewController.swift */; };
		3DE66A7F2CC4590100952D21 /* UsersCellTableViewCell.swift in Sources */ = {isa = PBXBuildFile; fileRef = 3DE66A7D2CC4590100952D21 /* UsersCellTableViewCell.swift */; };
		3DE66A802CC4590100952D21 /* UsersCellTableViewCell.xib in Resources */ = {isa = PBXBuildFile; fileRef = 3DE66A7E2CC4590100952D21 /* UsersCellTableViewCell.xib */; };
		3DE66A832CC47C2C00952D21 /* MessageKit in Frameworks */ = {isa = PBXBuildFile; productRef = 3DE66A822CC47C2C00952D21 /* MessageKit */; };
		3DE66A862CC47F6300952D21 /* MessegeListViewController.swift in Sources */ = {isa = PBXBuildFile; fileRef = 3DE66A852CC47F6300952D21 /* MessegeListViewController.swift */; };
		3DE66A892CC4834900952D21 /* ChatViewController.swift in Sources */ = {isa = PBXBuildFile; fileRef = 3DE66A882CC4834900952D21 /* ChatViewController.swift */; };
		3DE66A8F2CC51D9800952D21 /* InputBarAccessoryView in Frameworks */ = {isa = PBXBuildFile; productRef = 3DE66A8E2CC51D9800952D21 /* InputBarAccessoryView */; };
/* End PBXBuildFile section */

/* Begin PBXContainerItemProxy section */
		3D8ABA462C748C640038CD04 /* PBXContainerItemProxy */ = {
			isa = PBXContainerItemProxy;
			containerPortal = 3D8ABA272C748C630038CD04 /* Project object */;
			proxyType = 1;
			remoteGlobalIDString = 3D8ABA2E2C748C630038CD04;
			remoteInfo = qChat;
		};
		3D8ABA502C748C640038CD04 /* PBXContainerItemProxy */ = {
			isa = PBXContainerItemProxy;
			containerPortal = 3D8ABA272C748C630038CD04 /* Project object */;
			proxyType = 1;
			remoteGlobalIDString = 3D8ABA2E2C748C630038CD04;
			remoteInfo = qChat;
		};
/* End PBXContainerItemProxy section */

/* Begin PBXFileReference section */
		3D8ABA2F2C748C630038CD04 /* qChat.app */ = {isa = PBXFileReference; explicitFileType = wrapper.application; includeInIndex = 0; path = qChat.app; sourceTree = BUILT_PRODUCTS_DIR; };
		3D8ABA322C748C630038CD04 /* AppDelegate.swift */ = {isa = PBXFileReference; lastKnownFileType = sourcecode.swift; path = AppDelegate.swift; sourceTree = "<group>"; };
		3D8ABA342C748C630038CD04 /* SceneDelegate.swift */ = {isa = PBXFileReference; lastKnownFileType = sourcecode.swift; path = SceneDelegate.swift; sourceTree = "<group>"; };
		3D8ABA392C748C630038CD04 /* Base */ = {isa = PBXFileReference; lastKnownFileType = file.storyboard; name = Base; path = Base.lproj/Main.storyboard; sourceTree = "<group>"; };
		3D8ABA3B2C748C640038CD04 /* Assets.xcassets */ = {isa = PBXFileReference; lastKnownFileType = folder.assetcatalog; path = Assets.xcassets; sourceTree = "<group>"; };
		3D8ABA3E2C748C640038CD04 /* Base */ = {isa = PBXFileReference; lastKnownFileType = file.storyboard; name = Base; path = Base.lproj/LaunchScreen.storyboard; sourceTree = "<group>"; };
		3D8ABA402C748C640038CD04 /* Info.plist */ = {isa = PBXFileReference; lastKnownFileType = text.plist.xml; path = Info.plist; sourceTree = "<group>"; };
		3D8ABA452C748C640038CD04 /* qChatTests.xctest */ = {isa = PBXFileReference; explicitFileType = wrapper.cfbundle; includeInIndex = 0; path = qChatTests.xctest; sourceTree = BUILT_PRODUCTS_DIR; };
		3D8ABA492C748C640038CD04 /* qChatTests.swift */ = {isa = PBXFileReference; lastKnownFileType = sourcecode.swift; path = qChatTests.swift; sourceTree = "<group>"; };
		3D8ABA4F2C748C640038CD04 /* qChatUITests.xctest */ = {isa = PBXFileReference; explicitFileType = wrapper.cfbundle; includeInIndex = 0; path = qChatUITests.xctest; sourceTree = BUILT_PRODUCTS_DIR; };
		3D8ABA532C748C640038CD04 /* qChatUITests.swift */ = {isa = PBXFileReference; lastKnownFileType = sourcecode.swift; path = qChatUITests.swift; sourceTree = "<group>"; };
		3D8ABA552C748C640038CD04 /* qChatUITestsLaunchTests.swift */ = {isa = PBXFileReference; lastKnownFileType = sourcecode.swift; path = qChatUITestsLaunchTests.swift; sourceTree = "<group>"; };
		3D8ABA622C748D4B0038CD04 /* GoogleService-Info.plist */ = {isa = PBXFileReference; fileEncoding = 4; lastKnownFileType = text.plist.xml; path = "GoogleService-Info.plist"; sourceTree = "<group>"; };
		3D8B79132CBDD491000BC59F /* SliderSlides.swift */ = {isa = PBXFileReference; lastKnownFileType = sourcecode.swift; path = SliderSlides.swift; sourceTree = "<group>"; };
		3D8B79152CC19211000BC59F /* CheckField.swift */ = {isa = PBXFileReference; lastKnownFileType = sourcecode.swift; path = CheckField.swift; sourceTree = "<group>"; };
		3D8B79172CC1B3E2000BC59F /* Servise.swift */ = {isa = PBXFileReference; lastKnownFileType = sourcecode.swift; path = Servise.swift; sourceTree = "<group>"; };
		3D99143F2C88CE1F007E33E2 /* LoginViewController.swift */ = {isa = PBXFileReference; lastKnownFileType = sourcecode.swift; path = LoginViewController.swift; sourceTree = "<group>"; };
		3D9914882C8DDA3A007E33E2 /* SlideLoginCollectionViewCell.swift */ = {isa = PBXFileReference; lastKnownFileType = sourcecode.swift; path = SlideLoginCollectionViewCell.swift; sourceTree = "<group>"; };
		3D9914892C8DDA3A007E33E2 /* SlideLoginCollectionViewCell.xib */ = {isa = PBXFileReference; lastKnownFileType = file.xib; path = SlideLoginCollectionViewCell.xib; sourceTree = "<group>"; };
		3D99148C2C92E4EC007E33E2 /* RegViewController.swift */ = {isa = PBXFileReference; lastKnownFileType = sourcecode.swift; path = RegViewController.swift; sourceTree = "<group>"; };
		3D99148E2C92E511007E33E2 /* AuthViewController.swift */ = {isa = PBXFileReference; lastKnownFileType = sourcecode.swift; path = AuthViewController.swift; sourceTree = "<group>"; };
		3D9914902C92E70F007E33E2 /* AppViewController.swift */ = {isa = PBXFileReference; lastKnownFileType = sourcecode.swift; path = AppViewController.swift; sourceTree = "<group>"; };
		3D9914922CA49264007E33E2 /* Model.swift */ = {isa = PBXFileReference; lastKnownFileType = sourcecode.swift; path = Model.swift; sourceTree = "<group>"; };
		3DE66A732CC4110600952D21 /* TabBar.swift */ = {isa = PBXFileReference; lastKnownFileType = sourcecode.swift; path = TabBar.swift; sourceTree = "<group>"; };
		3DE66A772CC456EB00952D21 /* UsersViewController.swift */ = {isa = PBXFileReference; lastKnownFileType = sourcecode.swift; path = UsersViewController.swift; sourceTree = "<group>"; };
		3DE66A7D2CC4590100952D21 /* UsersCellTableViewCell.swift */ = {isa = PBXFileReference; lastKnownFileType = sourcecode.swift; path = UsersCellTableViewCell.swift; sourceTree = "<group>"; };
		3DE66A7E2CC4590100952D21 /* UsersCellTableViewCell.xib */ = {isa = PBXFileReference; lastKnownFileType = file.xib; path = UsersCellTableViewCell.xib; sourceTree = "<group>"; };
		3DE66A852CC47F6300952D21 /* MessegeListViewController.swift */ = {isa = PBXFileReference; lastKnownFileType = sourcecode.swift; path = MessegeListViewController.swift; sourceTree = "<group>"; };
		3DE66A882CC4834900952D21 /* ChatViewController.swift */ = {isa = PBXFileReference; lastKnownFileType = sourcecode.swift; path = ChatViewController.swift; sourceTree = "<group>"; };
/* End PBXFileReference section */

/* Begin PBXFrameworksBuildPhase section */
		3D8ABA2C2C748C630038CD04 /* Frameworks */ = {
			isa = PBXFrameworksBuildPhase;
			buildActionMask = 2147483647;
			files = (
				3DE66A672CC3CD9F00952D21 /* FirebaseAuth in Frameworks */,
				3DE66A8F2CC51D9800952D21 /* InputBarAccessoryView in Frameworks */,
				3DE66A6B2CC3CD9F00952D21 /* FirebaseCore in Frameworks */,
				3DE66A6D2CC3CD9F00952D21 /* FirebaseDatabase in Frameworks */,
				3DE66A832CC47C2C00952D21 /* MessageKit in Frameworks */,
				3DE66A712CC3CD9F00952D21 /* FirebaseFirestoreCombine-Community in Frameworks */,
				3DE66A6F2CC3CD9F00952D21 /* FirebaseFirestore in Frameworks */,
				3DE66A692CC3CD9F00952D21 /* FirebaseAuthCombine-Community in Frameworks */,
			);
			runOnlyForDeploymentPostprocessing = 0;
		};
		3D8ABA422C748C640038CD04 /* Frameworks */ = {
			isa = PBXFrameworksBuildPhase;
			buildActionMask = 2147483647;
			files = (
			);
			runOnlyForDeploymentPostprocessing = 0;
		};
		3D8ABA4C2C748C640038CD04 /* Frameworks */ = {
			isa = PBXFrameworksBuildPhase;
			buildActionMask = 2147483647;
			files = (
			);
			runOnlyForDeploymentPostprocessing = 0;
		};
/* End PBXFrameworksBuildPhase section */

/* Begin PBXGroup section */
		3D8ABA262C748C630038CD04 = {
			isa = PBXGroup;
			children = (
				3D8ABA312C748C630038CD04 /* qChat */,
				3D8ABA482C748C640038CD04 /* qChatTests */,
				3D8ABA522C748C640038CD04 /* qChatUITests */,
				3D8ABA302C748C630038CD04 /* Products */,
			);
			sourceTree = "<group>";
		};
		3D8ABA302C748C630038CD04 /* Products */ = {
			isa = PBXGroup;
			children = (
				3D8ABA2F2C748C630038CD04 /* qChat.app */,
				3D8ABA452C748C640038CD04 /* qChatTests.xctest */,
				3D8ABA4F2C748C640038CD04 /* qChatUITests.xctest */,
			);
			name = Products;
			sourceTree = "<group>";
		};
		3D8ABA312C748C630038CD04 /* qChat */ = {
			isa = PBXGroup;
			children = (
				3D99143E2C88CC80007E33E2 /* Model */,
				3D99143D2C88CC72007E33E2 /* View */,
				3D99143C2C88CC5F007E33E2 /* Controller */,
				3D8ABA322C748C630038CD04 /* AppDelegate.swift */,
				3D8ABA342C748C630038CD04 /* SceneDelegate.swift */,
				3D8ABA382C748C630038CD04 /* Main.storyboard */,
				3D8ABA3B2C748C640038CD04 /* Assets.xcassets */,
				3D8ABA3D2C748C640038CD04 /* LaunchScreen.storyboard */,
				3D8ABA402C748C640038CD04 /* Info.plist */,
				3D8ABA622C748D4B0038CD04 /* GoogleService-Info.plist */,
			);
			path = qChat;
			sourceTree = "<group>";
		};
		3D8ABA482C748C640038CD04 /* qChatTests */ = {
			isa = PBXGroup;
			children = (
				3D8ABA492C748C640038CD04 /* qChatTests.swift */,
			);
			path = qChatTests;
			sourceTree = "<group>";
		};
		3D8ABA522C748C640038CD04 /* qChatUITests */ = {
			isa = PBXGroup;
			children = (
				3D8ABA532C748C640038CD04 /* qChatUITests.swift */,
				3D8ABA552C748C640038CD04 /* qChatUITestsLaunchTests.swift */,
			);
			path = qChatUITests;
			sourceTree = "<group>";
		};
		3D99143C2C88CC5F007E33E2 /* Controller */ = {
			isa = PBXGroup;
			children = (
				3DE66A722CC410BC00952D21 /* TabBar */,
				3D9914422C88D047007E33E2 /* Login */,
				3D9914412C88D03E007E33E2 /* App */,
			);
			path = Controller;
			sourceTree = "<group>";
		};
		3D99143D2C88CC72007E33E2 /* View */ = {
			isa = PBXGroup;
			children = (
				3DE66A842CC47F2800952D21 /* Chat */,
				3DE66A792CC4587E00952D21 /* Users */,
				3D99147F2C8B70A8007E33E2 /* Slide */,
			);
			path = View;
			sourceTree = "<group>";
		};
		3D99143E2C88CC80007E33E2 /* Model */ = {
			isa = PBXGroup;
			children = (
				3D9914922CA49264007E33E2 /* Model.swift */,
				3D8B79132CBDD491000BC59F /* SliderSlides.swift */,
				3D8B79152CC19211000BC59F /* CheckField.swift */,
				3D8B79172CC1B3E2000BC59F /* Servise.swift */,
			);
			path = Model;
			sourceTree = "<group>";
		};
		3D9914412C88D03E007E33E2 /* App */ = {
			isa = PBXGroup;
			children = (
				3DE66A762CC4569800952D21 /* Messenger */,
				3DE66A752CC4567900952D21 /* Users */,
				3D9914902C92E70F007E33E2 /* AppViewController.swift */,
			);
			path = App;
			sourceTree = "<group>";
		};
		3D9914422C88D047007E33E2 /* Login */ = {
			isa = PBXGroup;
			children = (
				3D99143F2C88CE1F007E33E2 /* LoginViewController.swift */,
				3D99148C2C92E4EC007E33E2 /* RegViewController.swift */,
				3D99148E2C92E511007E33E2 /* AuthViewController.swift */,
			);
			path = Login;
			sourceTree = "<group>";
		};
		3D99147F2C8B70A8007E33E2 /* Slide */ = {
			isa = PBXGroup;
			children = (
				3D9914882C8DDA3A007E33E2 /* SlideLoginCollectionViewCell.swift */,
				3D9914892C8DDA3A007E33E2 /* SlideLoginCollectionViewCell.xib */,
			);
			path = Slide;
			sourceTree = "<group>";
		};
		3DE66A722CC410BC00952D21 /* TabBar */ = {
			isa = PBXGroup;
			children = (
				3DE66A732CC4110600952D21 /* TabBar.swift */,
			);
			path = TabBar;
			sourceTree = "<group>";
		};
		3DE66A752CC4567900952D21 /* Users */ = {
			isa = PBXGroup;
			children = (
				3DE66A772CC456EB00952D21 /* UsersViewController.swift */,
			);
			path = Users;
			sourceTree = "<group>";
		};
		3DE66A762CC4569800952D21 /* Messenger */ = {
			isa = PBXGroup;
			children = (
			);
			path = Messenger;
			sourceTree = "<group>";
		};
		3DE66A792CC4587E00952D21 /* Users */ = {
			isa = PBXGroup;
			children = (
				3DE66A7D2CC4590100952D21 /* UsersCellTableViewCell.swift */,
				3DE66A7E2CC4590100952D21 /* UsersCellTableViewCell.xib */,
			);
			path = Users;
			sourceTree = "<group>";
		};
		3DE66A842CC47F2800952D21 /* Chat */ = {
			isa = PBXGroup;
			children = (
				3DE66A852CC47F6300952D21 /* MessegeListViewController.swift */,
				3DE66A882CC4834900952D21 /* ChatViewController.swift */,
			);
			path = Chat;
			sourceTree = "<group>";
		};
/* End PBXGroup section */

/* Begin PBXNativeTarget section */
		3D8ABA2E2C748C630038CD04 /* qChat */ = {
			isa = PBXNativeTarget;
			buildConfigurationList = 3D8ABA592C748C640038CD04 /* Build configuration list for PBXNativeTarget "qChat" */;
			buildPhases = (
				3D8ABA2B2C748C630038CD04 /* Sources */,
				3D8ABA2C2C748C630038CD04 /* Frameworks */,
				3D8ABA2D2C748C630038CD04 /* Resources */,
			);
			buildRules = (
			);
			dependencies = (
			);
			name = qChat;
			packageProductDependencies = (
				3DE66A662CC3CD9F00952D21 /* FirebaseAuth */,
				3DE66A682CC3CD9F00952D21 /* FirebaseAuthCombine-Community */,
				3DE66A6A2CC3CD9F00952D21 /* FirebaseCore */,
				3DE66A6C2CC3CD9F00952D21 /* FirebaseDatabase */,
				3DE66A6E2CC3CD9F00952D21 /* FirebaseFirestore */,
				3DE66A702CC3CD9F00952D21 /* FirebaseFirestoreCombine-Community */,
				3DE66A822CC47C2C00952D21 /* MessageKit */,
				3DE66A8E2CC51D9800952D21 /* InputBarAccessoryView */,
			);
			productName = qChat;
			productReference = 3D8ABA2F2C748C630038CD04 /* qChat.app */;
			productType = "com.apple.product-type.application";
		};
		3D8ABA442C748C640038CD04 /* qChatTests */ = {
			isa = PBXNativeTarget;
			buildConfigurationList = 3D8ABA5C2C748C640038CD04 /* Build configuration list for PBXNativeTarget "qChatTests" */;
			buildPhases = (
				3D8ABA412C748C640038CD04 /* Sources */,
				3D8ABA422C748C640038CD04 /* Frameworks */,
				3D8ABA432C748C640038CD04 /* Resources */,
			);
			buildRules = (
			);
			dependencies = (
				3D8ABA472C748C640038CD04 /* PBXTargetDependency */,
			);
			name = qChatTests;
			productName = qChatTests;
			productReference = 3D8ABA452C748C640038CD04 /* qChatTests.xctest */;
			productType = "com.apple.product-type.bundle.unit-test";
		};
		3D8ABA4E2C748C640038CD04 /* qChatUITests */ = {
			isa = PBXNativeTarget;
			buildConfigurationList = 3D8ABA5F2C748C640038CD04 /* Build configuration list for PBXNativeTarget "qChatUITests" */;
			buildPhases = (
				3D8ABA4B2C748C640038CD04 /* Sources */,
				3D8ABA4C2C748C640038CD04 /* Frameworks */,
				3D8ABA4D2C748C640038CD04 /* Resources */,
			);
			buildRules = (
			);
			dependencies = (
				3D8ABA512C748C640038CD04 /* PBXTargetDependency */,
			);
			name = qChatUITests;
			productName = qChatUITests;
			productReference = 3D8ABA4F2C748C640038CD04 /* qChatUITests.xctest */;
			productType = "com.apple.product-type.bundle.ui-testing";
		};
/* End PBXNativeTarget section */

/* Begin PBXProject section */
		3D8ABA272C748C630038CD04 /* Project object */ = {
			isa = PBXProject;
			attributes = {
				BuildIndependentTargetsInParallel = 1;
				LastSwiftUpdateCheck = 1540;
				LastUpgradeCheck = 1540;
				TargetAttributes = {
					3D8ABA2E2C748C630038CD04 = {
						CreatedOnToolsVersion = 15.4;
					};
					3D8ABA442C748C640038CD04 = {
						CreatedOnToolsVersion = 15.4;
						TestTargetID = 3D8ABA2E2C748C630038CD04;
					};
					3D8ABA4E2C748C640038CD04 = {
						CreatedOnToolsVersion = 15.4;
						TestTargetID = 3D8ABA2E2C748C630038CD04;
					};
				};
			};
			buildConfigurationList = 3D8ABA2A2C748C630038CD04 /* Build configuration list for PBXProject "qChat" */;
			compatibilityVersion = "Xcode 14.0";
			developmentRegion = en;
			hasScannedForEncodings = 0;
			knownRegions = (
				en,
				Base,
			);
			mainGroup = 3D8ABA262C748C630038CD04;
			packageReferences = (
				3DE66A652CC3CD9F00952D21 /* XCRemoteSwiftPackageReference "firebase-ios-sdk" */,
				3DE66A812CC47C2C00952D21 /* XCRemoteSwiftPackageReference "MessageKit" */,
				3DE66A8D2CC51D9800952D21 /* XCRemoteSwiftPackageReference "InputBarAccessoryView" */,
			);
			productRefGroup = 3D8ABA302C748C630038CD04 /* Products */;
			projectDirPath = "";
			projectRoot = "";
			targets = (
				3D8ABA2E2C748C630038CD04 /* qChat */,
				3D8ABA442C748C640038CD04 /* qChatTests */,
				3D8ABA4E2C748C640038CD04 /* qChatUITests */,
			);
		};
/* End PBXProject section */

/* Begin PBXResourcesBuildPhase section */
		3D8ABA2D2C748C630038CD04 /* Resources */ = {
			isa = PBXResourcesBuildPhase;
			buildActionMask = 2147483647;
			files = (
				3D8ABA3C2C748C640038CD04 /* Assets.xcassets in Resources */,
				3D99148A2C8DDA3A007E33E2 /* SlideLoginCollectionViewCell.xib in Resources */,
				3DE66A802CC4590100952D21 /* UsersCellTableViewCell.xib in Resources */,
				3D8ABA632C748D4B0038CD04 /* GoogleService-Info.plist in Resources */,
				3D8ABA3F2C748C640038CD04 /* Base in Resources */,
				3D8ABA3A2C748C630038CD04 /* Base in Resources */,
			);
			runOnlyForDeploymentPostprocessing = 0;
		};
		3D8ABA432C748C640038CD04 /* Resources */ = {
			isa = PBXResourcesBuildPhase;
			buildActionMask = 2147483647;
			files = (
			);
			runOnlyForDeploymentPostprocessing = 0;
		};
		3D8ABA4D2C748C640038CD04 /* Resources */ = {
			isa = PBXResourcesBuildPhase;
			buildActionMask = 2147483647;
			files = (
			);
			runOnlyForDeploymentPostprocessing = 0;
		};
/* End PBXResourcesBuildPhase section */

/* Begin PBXSourcesBuildPhase section */
		3D8ABA2B2C748C630038CD04 /* Sources */ = {
			isa = PBXSourcesBuildPhase;
			buildActionMask = 2147483647;
			files = (
				3D9914402C88CE1F007E33E2 /* LoginViewController.swift in Sources */,
				3D8ABA332C748C630038CD04 /* AppDelegate.swift in Sources */,
				3DE66A892CC4834900952D21 /* ChatViewController.swift in Sources */,
				3DE66A782CC456EB00952D21 /* UsersViewController.swift in Sources */,
				3D99148D2C92E4EC007E33E2 /* RegViewController.swift in Sources */,
				3DE66A742CC4110600952D21 /* TabBar.swift in Sources */,
				3D8B79182CC1B3E2000BC59F /* Servise.swift in Sources */,
				3DE66A862CC47F6300952D21 /* MessegeListViewController.swift in Sources */,
				3D8B79162CC19211000BC59F /* CheckField.swift in Sources */,
				3D99148B2C8DDA3A007E33E2 /* SlideLoginCollectionViewCell.swift in Sources */,
				3DE66A7F2CC4590100952D21 /* UsersCellTableViewCell.swift in Sources */,
				3D9914912C92E70F007E33E2 /* AppViewController.swift in Sources */,
				3D99148F2C92E511007E33E2 /* AuthViewController.swift in Sources */,
				3D8ABA352C748C630038CD04 /* SceneDelegate.swift in Sources */,
				3D9914932CA49264007E33E2 /* Model.swift in Sources */,
				3D8B79142CBDD491000BC59F /* SliderSlides.swift in Sources */,
			);
			runOnlyForDeploymentPostprocessing = 0;
		};
		3D8ABA412C748C640038CD04 /* Sources */ = {
			isa = PBXSourcesBuildPhase;
			buildActionMask = 2147483647;
			files = (
				3D8ABA4A2C748C640038CD04 /* qChatTests.swift in Sources */,
			);
			runOnlyForDeploymentPostprocessing = 0;
		};
		3D8ABA4B2C748C640038CD04 /* Sources */ = {
			isa = PBXSourcesBuildPhase;
			buildActionMask = 2147483647;
			files = (
				3D8ABA562C748C640038CD04 /* qChatUITestsLaunchTests.swift in Sources */,
				3D8ABA542C748C640038CD04 /* qChatUITests.swift in Sources */,
			);
			runOnlyForDeploymentPostprocessing = 0;
		};
/* End PBXSourcesBuildPhase section */

/* Begin PBXTargetDependency section */
		3D8ABA472C748C640038CD04 /* PBXTargetDependency */ = {
			isa = PBXTargetDependency;
			target = 3D8ABA2E2C748C630038CD04 /* qChat */;
			targetProxy = 3D8ABA462C748C640038CD04 /* PBXContainerItemProxy */;
		};
		3D8ABA512C748C640038CD04 /* PBXTargetDependency */ = {
			isa = PBXTargetDependency;
			target = 3D8ABA2E2C748C630038CD04 /* qChat */;
			targetProxy = 3D8ABA502C748C640038CD04 /* PBXContainerItemProxy */;
		};
/* End PBXTargetDependency section */

/* Begin PBXVariantGroup section */
		3D8ABA382C748C630038CD04 /* Main.storyboard */ = {
			isa = PBXVariantGroup;
			children = (
				3D8ABA392C748C630038CD04 /* Base */,
			);
			name = Main.storyboard;
			sourceTree = "<group>";
		};
		3D8ABA3D2C748C640038CD04 /* LaunchScreen.storyboard */ = {
			isa = PBXVariantGroup;
			children = (
				3D8ABA3E2C748C640038CD04 /* Base */,
			);
			name = LaunchScreen.storyboard;
			sourceTree = "<group>";
		};
/* End PBXVariantGroup section */

/* Begin XCBuildConfiguration section */
		3D8ABA572C748C640038CD04 /* Debug */ = {
			isa = XCBuildConfiguration;
			buildSettings = {
				ALWAYS_SEARCH_USER_PATHS = NO;
				ASSETCATALOG_COMPILER_GENERATE_SWIFT_ASSET_SYMBOL_EXTENSIONS = YES;
				CLANG_ANALYZER_NONNULL = YES;
				CLANG_ANALYZER_NUMBER_OBJECT_CONVERSION = YES_AGGRESSIVE;
				CLANG_CXX_LANGUAGE_STANDARD = "gnu++20";
				CLANG_ENABLE_MODULES = YES;
				CLANG_ENABLE_OBJC_ARC = YES;
				CLANG_ENABLE_OBJC_WEAK = YES;
				CLANG_WARN_BLOCK_CAPTURE_AUTORELEASING = YES;
				CLANG_WARN_BOOL_CONVERSION = YES;
				CLANG_WARN_COMMA = YES;
				CLANG_WARN_CONSTANT_CONVERSION = YES;
				CLANG_WARN_DEPRECATED_OBJC_IMPLEMENTATIONS = YES;
				CLANG_WARN_DIRECT_OBJC_ISA_USAGE = YES_ERROR;
				CLANG_WARN_DOCUMENTATION_COMMENTS = YES;
				CLANG_WARN_EMPTY_BODY = YES;
				CLANG_WARN_ENUM_CONVERSION = YES;
				CLANG_WARN_INFINITE_RECURSION = YES;
				CLANG_WARN_INT_CONVERSION = YES;
				CLANG_WARN_NON_LITERAL_NULL_CONVERSION = YES;
				CLANG_WARN_OBJC_IMPLICIT_RETAIN_SELF = YES;
				CLANG_WARN_OBJC_LITERAL_CONVERSION = YES;
				CLANG_WARN_OBJC_ROOT_CLASS = YES_ERROR;
				CLANG_WARN_QUOTED_INCLUDE_IN_FRAMEWORK_HEADER = NO;
				CLANG_WARN_RANGE_LOOP_ANALYSIS = YES;
				CLANG_WARN_STRICT_PROTOTYPES = YES;
				CLANG_WARN_SUSPICIOUS_MOVE = YES;
				CLANG_WARN_UNGUARDED_AVAILABILITY = YES_AGGRESSIVE;
				CLANG_WARN_UNREACHABLE_CODE = YES;
				CLANG_WARN__DUPLICATE_METHOD_MATCH = YES;
				COPY_PHASE_STRIP = NO;
				DEBUG_INFORMATION_FORMAT = dwarf;
				ENABLE_STRICT_OBJC_MSGSEND = YES;
				ENABLE_TESTABILITY = YES;
				ENABLE_USER_SCRIPT_SANDBOXING = YES;
				GCC_C_LANGUAGE_STANDARD = gnu17;
				GCC_DYNAMIC_NO_PIC = NO;
				GCC_NO_COMMON_BLOCKS = YES;
				GCC_OPTIMIZATION_LEVEL = 0;
				GCC_PREPROCESSOR_DEFINITIONS = (
					"DEBUG=1",
					"$(inherited)",
				);
				GCC_WARN_64_TO_32_BIT_CONVERSION = YES;
				GCC_WARN_ABOUT_RETURN_TYPE = YES_ERROR;
				GCC_WARN_UNDECLARED_SELECTOR = YES;
				GCC_WARN_UNINITIALIZED_AUTOS = YES_AGGRESSIVE;
				GCC_WARN_UNUSED_FUNCTION = YES;
				GCC_WARN_UNUSED_VARIABLE = YES;
				IPHONEOS_DEPLOYMENT_TARGET = 17.5;
				LOCALIZATION_PREFERS_STRING_CATALOGS = YES;
				MTL_ENABLE_DEBUG_INFO = INCLUDE_SOURCE;
				MTL_FAST_MATH = YES;
				ONLY_ACTIVE_ARCH = YES;
				SDKROOT = iphoneos;
				SWIFT_ACTIVE_COMPILATION_CONDITIONS = "DEBUG $(inherited)";
				SWIFT_OPTIMIZATION_LEVEL = "-Onone";
			};
			name = Debug;
		};
		3D8ABA582C748C640038CD04 /* Release */ = {
			isa = XCBuildConfiguration;
			buildSettings = {
				ALWAYS_SEARCH_USER_PATHS = NO;
				ASSETCATALOG_COMPILER_GENERATE_SWIFT_ASSET_SYMBOL_EXTENSIONS = YES;
				CLANG_ANALYZER_NONNULL = YES;
				CLANG_ANALYZER_NUMBER_OBJECT_CONVERSION = YES_AGGRESSIVE;
				CLANG_CXX_LANGUAGE_STANDARD = "gnu++20";
				CLANG_ENABLE_MODULES = YES;
				CLANG_ENABLE_OBJC_ARC = YES;
				CLANG_ENABLE_OBJC_WEAK = YES;
				CLANG_WARN_BLOCK_CAPTURE_AUTORELEASING = YES;
				CLANG_WARN_BOOL_CONVERSION = YES;
				CLANG_WARN_COMMA = YES;
				CLANG_WARN_CONSTANT_CONVERSION = YES;
				CLANG_WARN_DEPRECATED_OBJC_IMPLEMENTATIONS = YES;
				CLANG_WARN_DIRECT_OBJC_ISA_USAGE = YES_ERROR;
				CLANG_WARN_DOCUMENTATION_COMMENTS = YES;
				CLANG_WARN_EMPTY_BODY = YES;
				CLANG_WARN_ENUM_CONVERSION = YES;
				CLANG_WARN_INFINITE_RECURSION = YES;
				CLANG_WARN_INT_CONVERSION = YES;
				CLANG_WARN_NON_LITERAL_NULL_CONVERSION = YES;
				CLANG_WARN_OBJC_IMPLICIT_RETAIN_SELF = YES;
				CLANG_WARN_OBJC_LITERAL_CONVERSION = YES;
				CLANG_WARN_OBJC_ROOT_CLASS = YES_ERROR;
				CLANG_WARN_QUOTED_INCLUDE_IN_FRAMEWORK_HEADER = NO;
				CLANG_WARN_RANGE_LOOP_ANALYSIS = YES;
				CLANG_WARN_STRICT_PROTOTYPES = YES;
				CLANG_WARN_SUSPICIOUS_MOVE = YES;
				CLANG_WARN_UNGUARDED_AVAILABILITY = YES_AGGRESSIVE;
				CLANG_WARN_UNREACHABLE_CODE = YES;
				CLANG_WARN__DUPLICATE_METHOD_MATCH = YES;
				COPY_PHASE_STRIP = NO;
				DEBUG_INFORMATION_FORMAT = "dwarf-with-dsym";
				ENABLE_NS_ASSERTIONS = NO;
				ENABLE_STRICT_OBJC_MSGSEND = YES;
				ENABLE_USER_SCRIPT_SANDBOXING = YES;
				GCC_C_LANGUAGE_STANDARD = gnu17;
				GCC_NO_COMMON_BLOCKS = YES;
				GCC_WARN_64_TO_32_BIT_CONVERSION = YES;
				GCC_WARN_ABOUT_RETURN_TYPE = YES_ERROR;
				GCC_WARN_UNDECLARED_SELECTOR = YES;
				GCC_WARN_UNINITIALIZED_AUTOS = YES_AGGRESSIVE;
				GCC_WARN_UNUSED_FUNCTION = YES;
				GCC_WARN_UNUSED_VARIABLE = YES;
				IPHONEOS_DEPLOYMENT_TARGET = 17.5;
				LOCALIZATION_PREFERS_STRING_CATALOGS = YES;
				MTL_ENABLE_DEBUG_INFO = NO;
				MTL_FAST_MATH = YES;
				SDKROOT = iphoneos;
				SWIFT_COMPILATION_MODE = wholemodule;
				VALIDATE_PRODUCT = YES;
			};
			name = Release;
		};
		3D8ABA5A2C748C640038CD04 /* Debug */ = {
			isa = XCBuildConfiguration;
			buildSettings = {
				ASSETCATALOG_COMPILER_APPICON_NAME = AppIcon;
				ASSETCATALOG_COMPILER_GLOBAL_ACCENT_COLOR_NAME = AccentColor;
				CODE_SIGN_STYLE = Automatic;
				CURRENT_PROJECT_VERSION = 1;
				GENERATE_INFOPLIST_FILE = YES;
				INFOPLIST_FILE = qChat/Info.plist;
				INFOPLIST_KEY_UIApplicationSupportsIndirectInputEvents = YES;
				INFOPLIST_KEY_UILaunchStoryboardName = LaunchScreen;
				INFOPLIST_KEY_UIMainStoryboardFile = Main;
				INFOPLIST_KEY_UISupportedInterfaceOrientations = UIInterfaceOrientationPortrait;
				INFOPLIST_KEY_UISupportedInterfaceOrientations_iPad = "UIInterfaceOrientationLandscapeLeft UIInterfaceOrientationLandscapeRight UIInterfaceOrientationPortrait UIInterfaceOrientationPortraitUpsideDown";
				LD_RUNPATH_SEARCH_PATHS = (
					"$(inherited)",
					"@executable_path/Frameworks",
				);
				MARKETING_VERSION = 1.0;
				PRODUCT_BUNDLE_IDENTIFIER = "-1.01.qChat";
				PRODUCT_NAME = "$(TARGET_NAME)";
				SUPPORTED_PLATFORMS = "iphoneos iphonesimulator";
				SUPPORTS_MACCATALYST = NO;
				SWIFT_EMIT_LOC_STRINGS = YES;
				SWIFT_VERSION = 5.0;
				TARGETED_DEVICE_FAMILY = 1;
			};
			name = Debug;
		};
		3D8ABA5B2C748C640038CD04 /* Release */ = {
			isa = XCBuildConfiguration;
			buildSettings = {
				ASSETCATALOG_COMPILER_APPICON_NAME = AppIcon;
				ASSETCATALOG_COMPILER_GLOBAL_ACCENT_COLOR_NAME = AccentColor;
				CODE_SIGN_STYLE = Automatic;
				CURRENT_PROJECT_VERSION = 1;
				GENERATE_INFOPLIST_FILE = YES;
				INFOPLIST_FILE = qChat/Info.plist;
				INFOPLIST_KEY_UIApplicationSupportsIndirectInputEvents = YES;
				INFOPLIST_KEY_UILaunchStoryboardName = LaunchScreen;
				INFOPLIST_KEY_UIMainStoryboardFile = Main;
				INFOPLIST_KEY_UISupportedInterfaceOrientations = UIInterfaceOrientationPortrait;
				INFOPLIST_KEY_UISupportedInterfaceOrientations_iPad = "UIInterfaceOrientationLandscapeLeft UIInterfaceOrientationLandscapeRight UIInterfaceOrientationPortrait UIInterfaceOrientationPortraitUpsideDown";
				LD_RUNPATH_SEARCH_PATHS = (
					"$(inherited)",
					"@executable_path/Frameworks",
				);
				MARKETING_VERSION = 1.0;
				PRODUCT_BUNDLE_IDENTIFIER = "-1.01.qChat";
				PRODUCT_NAME = "$(TARGET_NAME)";
				SUPPORTED_PLATFORMS = "iphoneos iphonesimulator";
				SUPPORTS_MACCATALYST = NO;
				SWIFT_EMIT_LOC_STRINGS = YES;
				SWIFT_VERSION = 5.0;
				TARGETED_DEVICE_FAMILY = 1;
			};
			name = Release;
		};
		3D8ABA5D2C748C640038CD04 /* Debug */ = {
			isa = XCBuildConfiguration;
			buildSettings = {
				ALWAYS_EMBED_SWIFT_STANDARD_LIBRARIES = YES;
				BUNDLE_LOADER = "$(TEST_HOST)";
				CODE_SIGN_STYLE = Automatic;
				CURRENT_PROJECT_VERSION = 1;
				GENERATE_INFOPLIST_FILE = YES;
				IPHONEOS_DEPLOYMENT_TARGET = 17.5;
				MARKETING_VERSION = 1.0;
				PRODUCT_BUNDLE_IDENTIFIER = "-1.01.qChatTests";
				PRODUCT_NAME = "$(TARGET_NAME)";
				SWIFT_EMIT_LOC_STRINGS = NO;
				SWIFT_VERSION = 5.0;
				TARGETED_DEVICE_FAMILY = "1,2";
				TEST_HOST = "$(BUILT_PRODUCTS_DIR)/qChat.app/$(BUNDLE_EXECUTABLE_FOLDER_PATH)/qChat";
			};
			name = Debug;
		};
		3D8ABA5E2C748C640038CD04 /* Release */ = {
			isa = XCBuildConfiguration;
			buildSettings = {
				ALWAYS_EMBED_SWIFT_STANDARD_LIBRARIES = YES;
				BUNDLE_LOADER = "$(TEST_HOST)";
				CODE_SIGN_STYLE = Automatic;
				CURRENT_PROJECT_VERSION = 1;
				GENERATE_INFOPLIST_FILE = YES;
				IPHONEOS_DEPLOYMENT_TARGET = 17.5;
				MARKETING_VERSION = 1.0;
				PRODUCT_BUNDLE_IDENTIFIER = "-1.01.qChatTests";
				PRODUCT_NAME = "$(TARGET_NAME)";
				SWIFT_EMIT_LOC_STRINGS = NO;
				SWIFT_VERSION = 5.0;
				TARGETED_DEVICE_FAMILY = "1,2";
				TEST_HOST = "$(BUILT_PRODUCTS_DIR)/qChat.app/$(BUNDLE_EXECUTABLE_FOLDER_PATH)/qChat";
			};
			name = Release;
		};
		3D8ABA602C748C640038CD04 /* Debug */ = {
			isa = XCBuildConfiguration;
			buildSettings = {
				ALWAYS_EMBED_SWIFT_STANDARD_LIBRARIES = YES;
				CODE_SIGN_STYLE = Automatic;
				CURRENT_PROJECT_VERSION = 1;
				GENERATE_INFOPLIST_FILE = YES;
				MARKETING_VERSION = 1.0;
				PRODUCT_BUNDLE_IDENTIFIER = "-1.01.qChatUITests";
				PRODUCT_NAME = "$(TARGET_NAME)";
				SWIFT_EMIT_LOC_STRINGS = NO;
				SWIFT_VERSION = 5.0;
				TARGETED_DEVICE_FAMILY = "1,2";
				TEST_TARGET_NAME = qChat;
			};
			name = Debug;
		};
		3D8ABA612C748C640038CD04 /* Release */ = {
			isa = XCBuildConfiguration;
			buildSettings = {
				ALWAYS_EMBED_SWIFT_STANDARD_LIBRARIES = YES;
				CODE_SIGN_STYLE = Automatic;
				CURRENT_PROJECT_VERSION = 1;
				GENERATE_INFOPLIST_FILE = YES;
				MARKETING_VERSION = 1.0;
				PRODUCT_BUNDLE_IDENTIFIER = "-1.01.qChatUITests";
				PRODUCT_NAME = "$(TARGET_NAME)";
				SWIFT_EMIT_LOC_STRINGS = NO;
				SWIFT_VERSION = 5.0;
				TARGETED_DEVICE_FAMILY = "1,2";
				TEST_TARGET_NAME = qChat;
			};
			name = Release;
		};
/* End XCBuildConfiguration section */

/* Begin XCConfigurationList section */
		3D8ABA2A2C748C630038CD04 /* Build configuration list for PBXProject "qChat" */ = {
			isa = XCConfigurationList;
			buildConfigurations = (
				3D8ABA572C748C640038CD04 /* Debug */,
				3D8ABA582C748C640038CD04 /* Release */,
			);
			defaultConfigurationIsVisible = 0;
			defaultConfigurationName = Release;
		};
		3D8ABA592C748C640038CD04 /* Build configuration list for PBXNativeTarget "qChat" */ = {
			isa = XCConfigurationList;
			buildConfigurations = (
				3D8ABA5A2C748C640038CD04 /* Debug */,
				3D8ABA5B2C748C640038CD04 /* Release */,
			);
			defaultConfigurationIsVisible = 0;
			defaultConfigurationName = Release;
		};
		3D8ABA5C2C748C640038CD04 /* Build configuration list for PBXNativeTarget "qChatTests" */ = {
			isa = XCConfigurationList;
			buildConfigurations = (
				3D8ABA5D2C748C640038CD04 /* Debug */,
				3D8ABA5E2C748C640038CD04 /* Release */,
			);
			defaultConfigurationIsVisible = 0;
			defaultConfigurationName = Release;
		};
		3D8ABA5F2C748C640038CD04 /* Build configuration list for PBXNativeTarget "qChatUITests" */ = {
			isa = XCConfigurationList;
			buildConfigurations = (
				3D8ABA602C748C640038CD04 /* Debug */,
				3D8ABA612C748C640038CD04 /* Release */,
			);
			defaultConfigurationIsVisible = 0;
			defaultConfigurationName = Release;
		};
/* End XCConfigurationList section */

/* Begin XCRemoteSwiftPackageReference section */
		3DE66A652CC3CD9F00952D21 /* XCRemoteSwiftPackageReference "firebase-ios-sdk" */ = {
			isa = XCRemoteSwiftPackageReference;
			repositoryURL = "https://github.com/firebase/firebase-ios-sdk";
			requirement = {
				kind = upToNextMajorVersion;
				minimumVersion = 11.3.0;
			};
		};
		3DE66A812CC47C2C00952D21 /* XCRemoteSwiftPackageReference "MessageKit" */ = {
			isa = XCRemoteSwiftPackageReference;
			repositoryURL = "https://github.com/MessageKit/MessageKit";
			requirement = {
				kind = upToNextMajorVersion;
				minimumVersion = 4.3.0;
			};
		};
		3DE66A8D2CC51D9800952D21 /* XCRemoteSwiftPackageReference "InputBarAccessoryView" */ = {
			isa = XCRemoteSwiftPackageReference;
			repositoryURL = "https://github.com/nathantannar4/InputBarAccessoryView.git";
			requirement = {
				kind = upToNextMajorVersion;
				minimumVersion = 6.5.1;
			};
		};
/* End XCRemoteSwiftPackageReference section */

/* Begin XCSwiftPackageProductDependency section */
		3DE66A662CC3CD9F00952D21 /* FirebaseAuth */ = {
			isa = XCSwiftPackageProductDependency;
			package = 3DE66A652CC3CD9F00952D21 /* XCRemoteSwiftPackageReference "firebase-ios-sdk" */;
			productName = FirebaseAuth;
		};
		3DE66A682CC3CD9F00952D21 /* FirebaseAuthCombine-Community */ = {
			isa = XCSwiftPackageProductDependency;
			package = 3DE66A652CC3CD9F00952D21 /* XCRemoteSwiftPackageReference "firebase-ios-sdk" */;
			productName = "FirebaseAuthCombine-Community";
		};
		3DE66A6A2CC3CD9F00952D21 /* FirebaseCore */ = {
			isa = XCSwiftPackageProductDependency;
			package = 3DE66A652CC3CD9F00952D21 /* XCRemoteSwiftPackageReference "firebase-ios-sdk" */;
			productName = FirebaseCore;
		};
		3DE66A6C2CC3CD9F00952D21 /* FirebaseDatabase */ = {
			isa = XCSwiftPackageProductDependency;
			package = 3DE66A652CC3CD9F00952D21 /* XCRemoteSwiftPackageReference "firebase-ios-sdk" */;
			productName = FirebaseDatabase;
		};
		3DE66A6E2CC3CD9F00952D21 /* FirebaseFirestore */ = {
			isa = XCSwiftPackageProductDependency;
			package = 3DE66A652CC3CD9F00952D21 /* XCRemoteSwiftPackageReference "firebase-ios-sdk" */;
			productName = FirebaseFirestore;
		};
		3DE66A702CC3CD9F00952D21 /* FirebaseFirestoreCombine-Community */ = {
			isa = XCSwiftPackageProductDependency;
			package = 3DE66A652CC3CD9F00952D21 /* XCRemoteSwiftPackageReference "firebase-ios-sdk" */;
			productName = "FirebaseFirestoreCombine-Community";
		};
		3DE66A822CC47C2C00952D21 /* MessageKit */ = {
			isa = XCSwiftPackageProductDependency;
			package = 3DE66A812CC47C2C00952D21 /* XCRemoteSwiftPackageReference "MessageKit" */;
			productName = MessageKit;
		};
		3DE66A8E2CC51D9800952D21 /* InputBarAccessoryView */ = {
			isa = XCSwiftPackageProductDependency;
			package = 3DE66A8D2CC51D9800952D21 /* XCRemoteSwiftPackageReference "InputBarAccessoryView" */;
			productName = InputBarAccessoryView;
		};
/* End XCSwiftPackageProductDependency section */
	};
	rootObject = 3D8ABA272C748C630038CD04 /* Project object */;
}
